
Microsoft Visual Studio Solution File, Format Version 12.00
# Visual Studio 14
VisualStudioVersion = 14.0.24720.0
MinimumVisualStudioVersion = 10.0.40219.1
Project("{FAE04EC0-301F-11D3-BF4B-00C04F79EFBC}") = "BookProject1", "BookProject1\BookProject1.csproj", "{8C66AE63-B928-4507-B4FF-58B8CB44A254}"
EndProject
Project("{FAE04EC0-301F-11D3-BF4B-00C04F79EFBC}") = "BookProject1.Tests", "BookProject1.Tests\BookProject1.Tests.csproj", "{956752C3-DB92-4326-B442-B7AE7C788ED3}"
EndProject
Global
	GlobalSection(SolutionConfigurationPlatforms) = preSolution
		Debug|Any CPU = Debug|Any CPU
		Release|Any CPU = Release|Any CPU
	EndGlobalSection
	GlobalSection(ProjectConfigurationPlatforms) = postSolution
		{8C66AE63-B928-4507-B4FF-58B8CB44A254}.Debug|Any CPU.ActiveCfg = Debug|Any CPU
		{8C66AE63-B928-4507-B4FF-58B8CB44A254}.Debug|Any CPU.Build.0 = Debug|Any CPU
		{8C66AE63-B928-4507-B4FF-58B8CB44A254}.Release|Any CPU.ActiveCfg = Release|Any CPU
		{8C66AE63-B928-4507-B4FF-58B8CB44A254}.Release|Any CPU.Build.0 = Release|Any CPU
		{956752C3-DB92-4326-B442-B7AE7C788ED3}.Debug|Any CPU.ActiveCfg = Debug|Any CPU
		{956752C3-DB92-4326-B442-B7AE7C788ED3}.Debug|Any CPU.Build.0 = Debug|Any CPU
		{956752C3-DB92-4326-B442-B7AE7C788ED3}.Release|Any CPU.ActiveCfg = Release|Any CPU
		{956752C3-DB92-4326-B442-B7AE7C788ED3}.Release|Any CPU.Build.0 = Release|Any CPU
	EndGlobalSection
	GlobalSection(SolutionProperties) = preSolution
		HideSolutionNode = FALSE
	EndGlobalSection
EndGlobal
